
Microsoft Visual Studio Solution File, Format Version 12.00
# Visual Studio Version 17
VisualStudioVersion = 17.10.35027.167
MinimumVisualStudioVersion = 10.0.40219.1
Project("{2150E333-8FDC-42A3-9474-1A3956D46DE8}") = "Services", "Services", "{C422CC3A-3D00-460C-9E33-D377C8055D8B}"
EndProject
Project("{2150E333-8FDC-42A3-9474-1A3956D46DE8}") = "Catalog", "Catalog", "{B3BC6FD0-7081-4C1A-BC73-5F2A96BF0AE8}"
EndProject
Project("{9A19103F-16F7-4668-BE54-9A1E7A4F7556}") = "Catalog.API", "Services\Catalog\Catalog.API\Catalog.API.csproj", "{5405B1D7-CEF2-4932-9E22-9FBE17AB7234}"
EndProject
Project("{2150E333-8FDC-42A3-9474-1A3956D46DE8}") = "BuildingBlocks", "BuildingBlocks", "{8EFD1B5F-D057-4A3B-A908-1867E75099C4}"
EndProject
Project("{9A19103F-16F7-4668-BE54-9A1E7A4F7556}") = "BuildingBlocks", "BuildingBlocks\BuildingBlocks\BuildingBlocks.csproj", "{4AAB30FC-075A-4EBF-9200-C5959FED897A}"
EndProject
Project("{E53339B2-1760-4266-BCC7-CA923CBCF16C}") = "docker-compose", "docker-compose.dcproj", "{42D7EA57-81FB-42D6-B6E4-4A3FD4CCCCD1}"
EndProject
Project("{2150E333-8FDC-42A3-9474-1A3956D46DE8}") = "Basket", "Basket", "{B12ADD91-445C-4DDA-BA4D-4BF68816DBB1}"
EndProject
Project("{9A19103F-16F7-4668-BE54-9A1E7A4F7556}") = "Basket.API", "Services\Basket\Basket.API\Basket.API.csproj", "{402506BC-D72E-4895-B902-8DA49B13B8F6}"
EndProject
Project("{2150E333-8FDC-42A3-9474-1A3956D46DE8}") = "Discount", "Discount", "{B21AEF54-6E97-47C3-AFF7-969F08066C9D}"
EndProject
Project("{9A19103F-16F7-4668-BE54-9A1E7A4F7556}") = "Discount.Grpc", "Services\Discount\Discount.Grpc\Discount.Grpc.csproj", "{C838D61D-5AB5-4173-B031-902851C7E0EE}"
EndProject
Project("{2150E333-8FDC-42A3-9474-1A3956D46DE8}") = "Ordering", "Ordering", "{C22F8718-A2E4-42A6-9203-4AE8A44F1FF2}"
EndProject
Project("{9A19103F-16F7-4668-BE54-9A1E7A4F7556}") = "Ordering.API", "Services\Ordering\Ordering.API\Ordering.API.csproj", "{AC0D7CD9-2F81-4D41-8245-370E32501070}"
EndProject
Project("{9A19103F-16F7-4668-BE54-9A1E7A4F7556}") = "Ordering.Domain", "Services\Ordering\Ordering.Domain\Ordering.Domain.csproj", "{6CBF5325-FF8F-4779-B51C-7CB8AF8B0186}"
EndProject
Project("{9A19103F-16F7-4668-BE54-9A1E7A4F7556}") = "Ordering.Application", "Services\Ordering\Ordering.Application\Ordering.Application.csproj", "{BDACD4E1-1B0F-42C1-8019-D033B11AC0F5}"
EndProject
Project("{9A19103F-16F7-4668-BE54-9A1E7A4F7556}") = "Ordering.Infrastructure", "Services\Ordering\Ordering.Infrastructure\Ordering.Infrastructure.csproj", "{E3683338-10F2-40C0-8AA6-1FB09DAB6A12}"
EndProject
Project("{FAE04EC0-301F-11D3-BF4B-00C04F79EFBC}") = "BuildingBlocks.Messaging", "BuildingBlocks\BuildingBlocks.Messaging\BuildingBlocks.Messaging.csproj", "{6B413018-6CCA-490A-AA84-6E8BFE5D4A00}"
EndProject
Global
	GlobalSection(SolutionConfigurationPlatforms) = preSolution
		Debug|Any CPU = Debug|Any CPU
		Release|Any CPU = Release|Any CPU
	EndGlobalSection
	GlobalSection(ProjectConfigurationPlatforms) = postSolution
		{5405B1D7-CEF2-4932-9E22-9FBE17AB7234}.Debug|Any CPU.ActiveCfg = Debug|Any CPU
		{5405B1D7-CEF2-4932-9E22-9FBE17AB7234}.Debug|Any CPU.Build.0 = Debug|Any CPU
		{5405B1D7-CEF2-4932-9E22-9FBE17AB7234}.Release|Any CPU.ActiveCfg = Release|Any CPU
		{5405B1D7-CEF2-4932-9E22-9FBE17AB7234}.Release|Any CPU.Build.0 = Release|Any CPU
		{4AAB30FC-075A-4EBF-9200-C5959FED897A}.Debug|Any CPU.ActiveCfg = Debug|Any CPU
		{4AAB30FC-075A-4EBF-9200-C5959FED897A}.Debug|Any CPU.Build.0 = Debug|Any CPU
		{4AAB30FC-075A-4EBF-9200-C5959FED897A}.Release|Any CPU.ActiveCfg = Release|Any CPU
		{4AAB30FC-075A-4EBF-9200-C5959FED897A}.Release|Any CPU.Build.0 = Release|Any CPU
		{42D7EA57-81FB-42D6-B6E4-4A3FD4CCCCD1}.Debug|Any CPU.ActiveCfg = Debug|Any CPU
		{42D7EA57-81FB-42D6-B6E4-4A3FD4CCCCD1}.Debug|Any CPU.Build.0 = Debug|Any CPU
		{42D7EA57-81FB-42D6-B6E4-4A3FD4CCCCD1}.Release|Any CPU.ActiveCfg = Release|Any CPU
		{42D7EA57-81FB-42D6-B6E4-4A3FD4CCCCD1}.Release|Any CPU.Build.0 = Release|Any CPU
		{402506BC-D72E-4895-B902-8DA49B13B8F6}.Debug|Any CPU.ActiveCfg = Debug|Any CPU
		{402506BC-D72E-4895-B902-8DA49B13B8F6}.Debug|Any CPU.Build.0 = Debug|Any CPU
		{402506BC-D72E-4895-B902-8DA49B13B8F6}.Release|Any CPU.ActiveCfg = Release|Any CPU
		{402506BC-D72E-4895-B902-8DA49B13B8F6}.Release|Any CPU.Build.0 = Release|Any CPU
		{C838D61D-5AB5-4173-B031-902851C7E0EE}.Debug|Any CPU.ActiveCfg = Debug|Any CPU
		{C838D61D-5AB5-4173-B031-902851C7E0EE}.Debug|Any CPU.Build.0 = Debug|Any CPU
		{C838D61D-5AB5-4173-B031-902851C7E0EE}.Release|Any CPU.ActiveCfg = Release|Any CPU
		{C838D61D-5AB5-4173-B031-902851C7E0EE}.Release|Any CPU.Build.0 = Release|Any CPU
		{AC0D7CD9-2F81-4D41-8245-370E32501070}.Debug|Any CPU.ActiveCfg = Debug|Any CPU
		{AC0D7CD9-2F81-4D41-8245-370E32501070}.Debug|Any CPU.Build.0 = Debug|Any CPU
		{AC0D7CD9-2F81-4D41-8245-370E32501070}.Release|Any CPU.ActiveCfg = Release|Any CPU
		{AC0D7CD9-2F81-4D41-8245-370E32501070}.Release|Any CPU.Build.0 = Release|Any CPU
		{6CBF5325-FF8F-4779-B51C-7CB8AF8B0186}.Debug|Any CPU.ActiveCfg = Debug|Any CPU
		{6CBF5325-FF8F-4779-B51C-7CB8AF8B0186}.Debug|Any CPU.Build.0 = Debug|Any CPU
		{6CBF5325-FF8F-4779-B51C-7CB8AF8B0186}.Release|Any CPU.ActiveCfg = Release|Any CPU
		{6CBF5325-FF8F-4779-B51C-7CB8AF8B0186}.Release|Any CPU.Build.0 = Release|Any CPU
		{BDACD4E1-1B0F-42C1-8019-D033B11AC0F5}.Debug|Any CPU.ActiveCfg = Debug|Any CPU
		{BDACD4E1-1B0F-42C1-8019-D033B11AC0F5}.Debug|Any CPU.Build.0 = Debug|Any CPU
		{BDACD4E1-1B0F-42C1-8019-D033B11AC0F5}.Release|Any CPU.ActiveCfg = Release|Any CPU
		{BDACD4E1-1B0F-42C1-8019-D033B11AC0F5}.Release|Any CPU.Build.0 = Release|Any CPU
		{E3683338-10F2-40C0-8AA6-1FB09DAB6A12}.Debug|Any CPU.ActiveCfg = Debug|Any CPU
		{E3683338-10F2-40C0-8AA6-1FB09DAB6A12}.Debug|Any CPU.Build.0 = Debug|Any CPU
		{E3683338-10F2-40C0-8AA6-1FB09DAB6A12}.Release|Any CPU.ActiveCfg = Release|Any CPU
		{E3683338-10F2-40C0-8AA6-1FB09DAB6A12}.Release|Any CPU.Build.0 = Release|Any CPU
		{6B413018-6CCA-490A-AA84-6E8BFE5D4A00}.Debug|Any CPU.ActiveCfg = Debug|Any CPU
		{6B413018-6CCA-490A-AA84-6E8BFE5D4A00}.Debug|Any CPU.Build.0 = Debug|Any CPU
		{6B413018-6CCA-490A-AA84-6E8BFE5D4A00}.Release|Any CPU.ActiveCfg = Release|Any CPU
		{6B413018-6CCA-490A-AA84-6E8BFE5D4A00}.Release|Any CPU.Build.0 = Release|Any CPU
	EndGlobalSection
	GlobalSection(SolutionProperties) = preSolution
		HideSolutionNode = FALSE
	EndGlobalSection
	GlobalSection(NestedProjects) = preSolution
		{B3BC6FD0-7081-4C1A-BC73-5F2A96BF0AE8} = {C422CC3A-3D00-460C-9E33-D377C8055D8B}
		{5405B1D7-CEF2-4932-9E22-9FBE17AB7234} = {B3BC6FD0-7081-4C1A-BC73-5F2A96BF0AE8}
		{4AAB30FC-075A-4EBF-9200-C5959FED897A} = {8EFD1B5F-D057-4A3B-A908-1867E75099C4}
		{B12ADD91-445C-4DDA-BA4D-4BF68816DBB1} = {C422CC3A-3D00-460C-9E33-D377C8055D8B}
		{402506BC-D72E-4895-B902-8DA49B13B8F6} = {B12ADD91-445C-4DDA-BA4D-4BF68816DBB1}
		{B21AEF54-6E97-47C3-AFF7-969F08066C9D} = {C422CC3A-3D00-460C-9E33-D377C8055D8B}
		{C838D61D-5AB5-4173-B031-902851C7E0EE} = {B21AEF54-6E97-47C3-AFF7-969F08066C9D}
		{C22F8718-A2E4-42A6-9203-4AE8A44F1FF2} = {C422CC3A-3D00-460C-9E33-D377C8055D8B}
		{AC0D7CD9-2F81-4D41-8245-370E32501070} = {C22F8718-A2E4-42A6-9203-4AE8A44F1FF2}
		{6CBF5325-FF8F-4779-B51C-7CB8AF8B0186} = {C22F8718-A2E4-42A6-9203-4AE8A44F1FF2}
		{BDACD4E1-1B0F-42C1-8019-D033B11AC0F5} = {C22F8718-A2E4-42A6-9203-4AE8A44F1FF2}
		{E3683338-10F2-40C0-8AA6-1FB09DAB6A12} = {C22F8718-A2E4-42A6-9203-4AE8A44F1FF2}
		{6B413018-6CCA-490A-AA84-6E8BFE5D4A00} = {8EFD1B5F-D057-4A3B-A908-1867E75099C4}
	EndGlobalSection
	GlobalSection(ExtensibilityGlobals) = postSolution
		SolutionGuid = {2765C0CC-409C-4270-B6B3-6C984B9F4A94}
	EndGlobalSection
EndGlobal
